
Microsoft Visual Studio Solution File, Format Version 12.00
# Visual Studio 15
VisualStudioVersion = 15.0.27428.2005
MinimumVisualStudioVersion = 10.0.40219.1
Project("{FAE04EC0-301F-11D3-BF4B-00C04F79EFBC}") = "AutofacExample", "AutofacExample\AutofacExample.csproj", "{28DC86DB-650B-4220-9F94-785FFB7D813F}"
EndProject
Project("{FAE04EC0-301F-11D3-BF4B-00C04F79EFBC}") = "Clases", "Clases\Clases.csproj", "{4FB347B4-8C35-4065-9D15-003B23F7CC6F}"
EndProject
Global
	GlobalSection(SolutionConfigurationPlatforms) = preSolution
		Debug|Any CPU = Debug|Any CPU
		Release|Any CPU = Release|Any CPU
	EndGlobalSection
	GlobalSection(ProjectConfigurationPlatforms) = postSolution
		{28DC86DB-650B-4220-9F94-785FFB7D813F}.Debug|Any CPU.ActiveCfg = Debug|Any CPU
		{28DC86DB-650B-4220-9F94-785FFB7D813F}.Debug|Any CPU.Build.0 = Debug|Any CPU
		{28DC86DB-650B-4220-9F94-785FFB7D813F}.Release|Any CPU.ActiveCfg = Release|Any CPU
		{28DC86DB-650B-4220-9F94-785FFB7D813F}.Release|Any CPU.Build.0 = Release|Any CPU
		{4FB347B4-8C35-4065-9D15-003B23F7CC6F}.Debug|Any CPU.ActiveCfg = Debug|Any CPU
		{4FB347B4-8C35-4065-9D15-003B23F7CC6F}.Debug|Any CPU.Build.0 = Debug|Any CPU
		{4FB347B4-8C35-4065-9D15-003B23F7CC6F}.Release|Any CPU.ActiveCfg = Release|Any CPU
		{4FB347B4-8C35-4065-9D15-003B23F7CC6F}.Release|Any CPU.Build.0 = Release|Any CPU
	EndGlobalSection
	GlobalSection(SolutionProperties) = preSolution
		HideSolutionNode = FALSE
	EndGlobalSection
	GlobalSection(ExtensibilityGlobals) = postSolution
		SolutionGuid = {F850DABE-557C-4B10-9D45-8ED2E7D9E12B}
	EndGlobalSection
EndGlobal
